{
	"name": "banyan-immutable-tree",
	"version": "0.0.5",
	"lockfileVersion": 1,
	"requires": true,
	"dependencies": {
		"@types/jest": {
			"version": "23.3.10",
			"resolved": "https://registry.npmjs.org/@types/jest/-/jest-23.3.10.tgz",
			"integrity": "sha512-DC8xTuW/6TYgvEg3HEXS7cu9OijFqprVDXXiOcdOKZCU/5PJNLZU37VVvmZHdtMiGOa8wAA/We+JzbdxFzQTRQ==",
			"dev": true
		},
		"@types/lodash": {
			"version": "4.14.119",
			"resolved": "https://registry.npmjs.org/@types/lodash/-/lodash-4.14.119.tgz",
			"integrity": "sha512-Z3TNyBL8Vd/M9D9Ms2S3LmFq2sSMzahodD6rCS9V2N44HUMINb75jNkSuwAx7eo2ufqTdfOdtGQpNbieUjPQmw==",
			"dev": true
		},
		"find-insert-index": {
			"version": "0.0.1",
			"resolved": "https://registry.npmjs.org/find-insert-index/-/find-insert-index-0.0.1.tgz",
			"integrity": "sha1-Fs00ZkwqwjOQWrKzl0W87HITYt4=",
			"dev": true
		},
		"immutable": {
			"version": "4.0.0-rc.12",
			"resolved": "https://registry.npmjs.org/immutable/-/immutable-4.0.0-rc.12.tgz",
			"integrity": "sha512-0M2XxkZLx/mi3t8NVwIm1g8nHoEmM9p9UBl/G9k4+hm0kBgOVdMV/B3CY5dQ8qG8qc80NN4gDV4HQv6FTJ5q7A=="
		},
		"lodash": {
			"version": "4.17.11",
			"resolved": "https://registry.npmjs.org/lodash/-/lodash-4.17.11.tgz",
			"integrity": "sha512-cQKh8igo5QUhZ7lg38DYWAxMvjSAKG0A8wGSVimP07SIUEK2UO+arSRKbRZWtelMtN5V0Hkwh5ryOto/SshYIg=="
		},
		"mergesort": {
			"version": "0.0.1",
			"resolved": "https://registry.npmjs.org/mergesort/-/mergesort-0.0.1.tgz",
			"integrity": "sha1-Nk7MMbKX3H9E5RHTZRdvHDnQj8I=",
			"dev": true
		},
		"tree-model": {
			"version": "1.0.7",
			"resolved": "https://registry.npmjs.org/tree-model/-/tree-model-1.0.7.tgz",
			"integrity": "sha512-oP4LUbCVtD2gcjcRaeI4L5hY60tHzB+AK/bthIJ2Pq1EUUOio5/xFzPWnGoBZlhtqpqbOkhFDzKIwKLOn0kccQ==",
			"dev": true,
			"requires": {
				"find-insert-index": "0.0.1",
				"mergesort": "0.0.1"
			}
		}
	}
}
